// !$*UTF8*$!
{
	archiveVersion = 1;
	classes = {
	};
	objectVersion = 77;
	objects = {

/* Begin PBXContainerItemProxy section */
		C94051552D91D69500C363D3 /* PBXContainerItemProxy */ = {
			isa = PBXContainerItemProxy;
			containerPortal = C94051302D91D69200C363D3 /* Project object */;
			proxyType = 1;
			remoteGlobalIDString = C94051372D91D69300C363D3;
			remoteInfo = PowerHop;
		};
		C940515F2D91D69500C363D3 /* PBXContainerItemProxy */ = {
			isa = PBXContainerItemProxy;
			containerPortal = C94051302D91D69200C363D3 /* Project object */;
			proxyType = 1;
			remoteGlobalIDString = C94051372D91D69300C363D3;
			remoteInfo = PowerHop;
		};
/* End PBXContainerItemProxy section */

/* Begin PBXFileReference section */
		C94051382D91D69300C363D3 /* PowerHop.app */ = {isa = PBXFileReference; explicitFileType = wrapper.application; includeInIndex = 0; path = PowerHop.app; sourceTree = BUILT_PRODUCTS_DIR; };
		C94051542D91D69500C363D3 /* PowerHopTests.xctest */ = {isa = PBXFileReference; explicitFileType = wrapper.cfbundle; includeInIndex = 0; path = PowerHopTests.xctest; sourceTree = BUILT_PRODUCTS_DIR; };
		C940515E2D91D69500C363D3 /* PowerHopUITests.xctest */ = {isa = PBXFileReference; explicitFileType = wrapper.cfbundle; includeInIndex = 0; path = PowerHopUITests.xctest; sourceTree = BUILT_PRODUCTS_DIR; };
/* End PBXFileReference section */

/* Begin PBXFileSystemSynchronizedRootGroup section */
		C940513A2D91D69300C363D3 /* PowerHop */ = {
			isa = PBXFileSystemSynchronizedRootGroup;
			path = PowerHop;
			sourceTree = "<group>";
		};
		C94051572D91D69500C363D3 /* PowerHopTests */ = {
			isa = PBXFileSystemSynchronizedRootGroup;
			path = PowerHopTests;
			sourceTree = "<group>";
		};
		C94051612D91D69500C363D3 /* PowerHopUITests */ = {
			isa = PBXFileSystemSynchronizedRootGroup;
			path = PowerHopUITests;
			sourceTree = "<group>";
		};
/* End PBXFileSystemSynchronizedRootGroup section */

/* Begin PBXFrameworksBuildPhase section */
		C94051352D91D69300C363D3 /* Frameworks */ = {
			isa = PBXFrameworksBuildPhase;
			buildActionMask = 2147483647;
			files = (
			);
			runOnlyForDeploymentPostprocessing = 0;
		};
		C94051512D91D69500C363D3 /* Frameworks */ = {
			isa = PBXFrameworksBuildPhase;
			buildActionMask = 2147483647;
			files = (
			);
			runOnlyForDeploymentPostprocessing = 0;
		};
		C940515B2D91D69500C363D3 /* Frameworks */ = {
			isa = PBXFrameworksBuildPhase;
			buildActionMask = 2147483647;
			files = (
			);
			runOnlyForDeploymentPostprocessing = 0;
		};
/* End PBXFrameworksBuildPhase section */

/* Begin PBXGroup section */
		C940512F2D91D69200C363D3 = {
			isa = PBXGroup;
			children = (
				C940513A2D91D69300C363D3 /* PowerHop */,
				C94051572D91D69500C363D3 /* PowerHopTests */,
				C94051612D91D69500C363D3 /* PowerHopUITests */,
				C94051392D91D69300C363D3 /* Products */,
			);
			sourceTree = "<group>";
		};
		C94051392D91D69300C363D3 /* Products */ = {
			isa = PBXGroup;
			children = (
				C94051382D91D69300C363D3 /* PowerHop.app */,
				C94051542D91D69500C363D3 /* PowerHopTests.xctest */,
				C940515E2D91D69500C363D3 /* PowerHopUITests.xctest */,
			);
			name = Products;
			sourceTree = "<group>";
		};
/* End PBXGroup section */

/* Begin PBXNativeTarget section */
		C94051372D91D69300C363D3 /* PowerHop */ = {
			isa = PBXNativeTarget;
			buildConfigurationList = C94051682D91D69500C363D3 /* Build configuration list for PBXNativeTarget "PowerHop" */;
			buildPhases = (
				C94051342D91D69300C363D3 /* Sources */,
				C94051352D91D69300C363D3 /* Frameworks */,
				C94051362D91D69300C363D3 /* Resources */,
			);
			buildRules = (
			);
			dependencies = (
			);
			fileSystemSynchronizedGroups = (
				C940513A2D91D69300C363D3 /* PowerHop */,
			);
			name = PowerHop;
			packageProductDependencies = (
			);
			productName = PowerHop;
			productReference = C94051382D91D69300C363D3 /* PowerHop.app */;
			productType = "com.apple.product-type.application";
		};
		C94051532D91D69500C363D3 /* PowerHopTests */ = {
			isa = PBXNativeTarget;
			buildConfigurationList = C940516B2D91D69500C363D3 /* Build configuration list for PBXNativeTarget "PowerHopTests" */;
			buildPhases = (
				C94051502D91D69500C363D3 /* Sources */,
				C94051512D91D69500C363D3 /* Frameworks */,
				C94051522D91D69500C363D3 /* Resources */,
			);
			buildRules = (
			);
			dependencies = (
				C94051562D91D69500C363D3 /* PBXTargetDependency */,
			);
			fileSystemSynchronizedGroups = (
				C94051572D91D69500C363D3 /* PowerHopTests */,
			);
			name = PowerHopTests;
			packageProductDependencies = (
			);
			productName = PowerHopTests;
			productReference = C94051542D91D69500C363D3 /* PowerHopTests.xctest */;
			productType = "com.apple.product-type.bundle.unit-test";
		};
		C940515D2D91D69500C363D3 /* PowerHopUITests */ = {
			isa = PBXNativeTarget;
			buildConfigurationList = C940516E2D91D69500C363D3 /* Build configuration list for PBXNativeTarget "PowerHopUITests" */;
			buildPhases = (
				C940515A2D91D69500C363D3 /* Sources */,
				C940515B2D91D69500C363D3 /* Frameworks */,
				C940515C2D91D69500C363D3 /* Resources */,
			);
			buildRules = (
			);
			dependencies = (
				C94051602D91D69500C363D3 /* PBXTargetDependency */,
			);
			fileSystemSynchronizedGroups = (
				C94051612D91D69500C363D3 /* PowerHopUITests */,
			);
			name = PowerHopUITests;
			packageProductDependencies = (
			);
			productName = PowerHopUITests;
			productReference = C940515E2D91D69500C363D3 /* PowerHopUITests.xctest */;
			productType = "com.apple.product-type.bundle.ui-testing";
		};
/* End PBXNativeTarget section */

/* Begin PBXProject section */
		C94051302D91D69200C363D3 /* Project object */ = {
			isa = PBXProject;
			attributes = {
				BuildIndependentTargetsInParallel = 1;
				LastUpgradeCheck = 1620;
				TargetAttributes = {
					C94051372D91D69300C363D3 = {
						CreatedOnToolsVersion = 16.2;
					};
					C94051532D91D69500C363D3 = {
						CreatedOnToolsVersion = 16.2;
						TestTargetID = C94051372D91D69300C363D3;
					};
					C940515D2D91D69500C363D3 = {
						CreatedOnToolsVersion = 16.2;
						TestTargetID = C94051372D91D69300C363D3;
					};
				};
			};
			buildConfigurationList = C94051332D91D69200C363D3 /* Build configuration list for PBXProject "PowerHop" */;
			developmentRegion = en;
			hasScannedForEncodings = 0;
			knownRegions = (
				en,
				Base,
			);
			mainGroup = C940512F2D91D69200C363D3;
			minimizedProjectReferenceProxies = 1;
			preferredProjectObjectVersion = 77;
			productRefGroup = C94051392D91D69300C363D3 /* Products */;
			projectDirPath = "";
			projectRoot = "";
			targets = (
				C94051372D91D69300C363D3 /* PowerHop */,
				C94051532D91D69500C363D3 /* PowerHopTests */,
				C940515D2D91D69500C363D3 /* PowerHopUITests */,
			);
		};
/* End PBXProject section */

/* Begin PBXResourcesBuildPhase section */
		C94051362D91D69300C363D3 /* Resources */ = {
			isa = PBXResourcesBuildPhase;
			buildActionMask = 2147483647;
			files = (
			);
			runOnlyForDeploymentPostprocessing = 0;
		};
		C94051522D91D69500C363D3 /* Resources */ = {
			isa = PBXResourcesBuildPhase;
			buildActionMask = 2147483647;
			files = (
			);
			runOnlyForDeploymentPostprocessing = 0;
		};
		C940515C2D91D69500C363D3 /* Resources */ = {
			isa = PBXResourcesBuildPhase;
			buildActionMask = 2147483647;
			files = (
			);
			runOnlyForDeploymentPostprocessing = 0;
		};
/* End PBXResourcesBuildPhase section */

/* Begin PBXSourcesBuildPhase section */
		C94051342D91D69300C363D3 /* Sources */ = {
			isa = PBXSourcesBuildPhase;
			buildActionMask = 2147483647;
			files = (
			);
			runOnlyForDeploymentPostprocessing = 0;
		};
		C94051502D91D69500C363D3 /* Sources */ = {
			isa = PBXSourcesBuildPhase;
			buildActionMask = 2147483647;
			files = (
			);
			runOnlyForDeploymentPostprocessing = 0;
		};
		C940515A2D91D69500C363D3 /* Sources */ = {
			isa = PBXSourcesBuildPhase;
			buildActionMask = 2147483647;
			files = (
			);
			runOnlyForDeploymentPostprocessing = 0;
		};
/* End PBXSourcesBuildPhase section */

/* Begin PBXTargetDependency section */
		C94051562D91D69500C363D3 /* PBXTargetDependency */ = {
			isa = PBXTargetDependency;
			target = C94051372D91D69300C363D3 /* PowerHop */;
			targetProxy = C94051552D91D69500C363D3 /* PBXContainerItemProxy */;
		};
		C94051602D91D69500C363D3 /* PBXTargetDependency */ = {
			isa = PBXTargetDependency;
			target = C94051372D91D69300C363D3 /* PowerHop */;
			targetProxy = C940515F2D91D69500C363D3 /* PBXContainerItemProxy */;
		};
/* End PBXTargetDependency section */

/* Begin XCBuildConfiguration section */
		C94051662D91D69500C363D3 /* Debug */ = {
			isa = XCBuildConfiguration;
			buildSettings = {
				ALWAYS_SEARCH_USER_PATHS = NO;
				ASSETCATALOG_COMPILER_GENERATE_SWIFT_ASSET_SYMBOL_EXTENSIONS = YES;
				CLANG_ANALYZER_NONNULL = YES;
				CLANG_ANALYZER_NUMBER_OBJECT_CONVERSION = YES_AGGRESSIVE;
				CLANG_CXX_LANGUAGE_STANDARD = "gnu++20";
				CLANG_ENABLE_MODULES = YES;
				CLANG_ENABLE_OBJC_ARC = YES;
				CLANG_ENABLE_OBJC_WEAK = YES;
				CLANG_WARN_BLOCK_CAPTURE_AUTORELEASING = YES;
				CLANG_WARN_BOOL_CONVERSION = YES;
				CLANG_WARN_COMMA = YES;
				CLANG_WARN_CONSTANT_CONVERSION = YES;
				CLANG_WARN_DEPRECATED_OBJC_IMPLEMENTATIONS = YES;
				CLANG_WARN_DIRECT_OBJC_ISA_USAGE = YES_ERROR;
				CLANG_WARN_DOCUMENTATION_COMMENTS = YES;
				CLANG_WARN_EMPTY_BODY = YES;
				CLANG_WARN_ENUM_CONVERSION = YES;
				CLANG_WARN_INFINITE_RECURSION = YES;
				CLANG_WARN_INT_CONVERSION = YES;
				CLANG_WARN_NON_LITERAL_NULL_CONVERSION = YES;
				CLANG_WARN_OBJC_IMPLICIT_RETAIN_SELF = YES;
				CLANG_WARN_OBJC_LITERAL_CONVERSION = YES;
				CLANG_WARN_OBJC_ROOT_CLASS = YES_ERROR;
				CLANG_WARN_QUOTED_INCLUDE_IN_FRAMEWORK_HEADER = YES;
				CLANG_WARN_RANGE_LOOP_ANALYSIS = YES;
				CLANG_WARN_STRICT_PROTOTYPES = YES;
				CLANG_WARN_SUSPICIOUS_MOVE = YES;
				CLANG_WARN_UNGUARDED_AVAILABILITY = YES_AGGRESSIVE;
				CLANG_WARN_UNREACHABLE_CODE = YES;
				CLANG_WARN__DUPLICATE_METHOD_MATCH = YES;
				COPY_PHASE_STRIP = NO;
				DEBUG_INFORMATION_FORMAT = dwarf;
				ENABLE_STRICT_OBJC_MSGSEND = YES;
				ENABLE_TESTABILITY = YES;
				ENABLE_USER_SCRIPT_SANDBOXING = YES;
				GCC_C_LANGUAGE_STANDARD = gnu17;
				GCC_DYNAMIC_NO_PIC = NO;
				GCC_NO_COMMON_BLOCKS = YES;
				GCC_OPTIMIZATION_LEVEL = 0;
				GCC_PREPROCESSOR_DEFINITIONS = (
					"DEBUG=1",
					"$(inherited)",
				);
				GCC_WARN_64_TO_32_BIT_CONVERSION = YES;
				GCC_WARN_ABOUT_RETURN_TYPE = YES_ERROR;
				GCC_WARN_UNDECLARED_SELECTOR = YES;
				GCC_WARN_UNINITIALIZED_AUTOS = YES_AGGRESSIVE;
				GCC_WARN_UNUSED_FUNCTION = YES;
				GCC_WARN_UNUSED_VARIABLE = YES;
				LOCALIZATION_PREFERS_STRING_CATALOGS = YES;
				MACOSX_DEPLOYMENT_TARGET = 15.2;
				MTL_ENABLE_DEBUG_INFO = INCLUDE_SOURCE;
				MTL_FAST_MATH = YES;
				ONLY_ACTIVE_ARCH = YES;
				SDKROOT = macosx;
			};
			name = Debug;
		};
		C94051672D91D69500C363D3 /* Release */ = {
			isa = XCBuildConfiguration;
			buildSettings = {
				ALWAYS_SEARCH_USER_PATHS = NO;
				ASSETCATALOG_COMPILER_GENERATE_SWIFT_ASSET_SYMBOL_EXTENSIONS = YES;
				CLANG_ANALYZER_NONNULL = YES;
				CLANG_ANALYZER_NUMBER_OBJECT_CONVERSION = YES_AGGRESSIVE;
				CLANG_CXX_LANGUAGE_STANDARD = "gnu++20";
				CLANG_ENABLE_MODULES = YES;
				CLANG_ENABLE_OBJC_ARC = YES;
				CLANG_ENABLE_OBJC_WEAK = YES;
				CLANG_WARN_BLOCK_CAPTURE_AUTORELEASING = YES;
				CLANG_WARN_BOOL_CONVERSION = YES;
				CLANG_WARN_COMMA = YES;
				CLANG_WARN_CONSTANT_CONVERSION = YES;
				CLANG_WARN_DEPRECATED_OBJC_IMPLEMENTATIONS = YES;
				CLANG_WARN_DIRECT_OBJC_ISA_USAGE = YES_ERROR;
				CLANG_WARN_DOCUMENTATION_COMMENTS = YES;
				CLANG_WARN_EMPTY_BODY = YES;
				CLANG_WARN_ENUM_CONVERSION = YES;
				CLANG_WARN_INFINITE_RECURSION = YES;
				CLANG_WARN_INT_CONVERSION = YES;
				CLANG_WARN_NON_LITERAL_NULL_CONVERSION = YES;
				CLANG_WARN_OBJC_IMPLICIT_RETAIN_SELF = YES;
				CLANG_WARN_OBJC_LITERAL_CONVERSION = YES;
				CLANG_WARN_OBJC_ROOT_CLASS = YES_ERROR;
				CLANG_WARN_QUOTED_INCLUDE_IN_FRAMEWORK_HEADER = YES;
				CLANG_WARN_RANGE_LOOP_ANALYSIS = YES;
				CLANG_WARN_STRICT_PROTOTYPES = YES;
				CLANG_WARN_SUSPICIOUS_MOVE = YES;
				CLANG_WARN_UNGUARDED_AVAILABILITY = YES_AGGRESSIVE;
				CLANG_WARN_UNREACHABLE_CODE = YES;
				CLANG_WARN__DUPLICATE_METHOD_MATCH = YES;
				COPY_PHASE_STRIP = NO;
				DEBUG_INFORMATION_FORMAT = "dwarf-with-dsym";
				ENABLE_NS_ASSERTIONS = NO;
				ENABLE_STRICT_OBJC_MSGSEND = YES;
				ENABLE_USER_SCRIPT_SANDBOXING = YES;
				GCC_C_LANGUAGE_STANDARD = gnu17;
				GCC_NO_COMMON_BLOCKS = YES;
				GCC_WARN_64_TO_32_BIT_CONVERSION = YES;
				GCC_WARN_ABOUT_RETURN_TYPE = YES_ERROR;
				GCC_WARN_UNDECLARED_SELECTOR = YES;
				GCC_WARN_UNINITIALIZED_AUTOS = YES_AGGRESSIVE;
				GCC_WARN_UNUSED_FUNCTION = YES;
				GCC_WARN_UNUSED_VARIABLE = YES;
				LOCALIZATION_PREFERS_STRING_CATALOGS = YES;
				MACOSX_DEPLOYMENT_TARGET = 15.2;
				MTL_ENABLE_DEBUG_INFO = NO;
				MTL_FAST_MATH = YES;
				SDKROOT = macosx;
			};
			name = Release;
		};
		C94051692D91D69500C363D3 /* Debug */ = {
			isa = XCBuildConfiguration;
			buildSettings = {
				ASSETCATALOG_COMPILER_APPICON_NAME = AppIcon;
				ASSETCATALOG_COMPILER_GLOBAL_ACCENT_COLOR_NAME = AccentColor;
				CODE_SIGN_ENTITLEMENTS = PowerHop/PowerHop.entitlements;
				CODE_SIGN_STYLE = Automatic;
				COMBINE_HIDPI_IMAGES = YES;
				CURRENT_PROJECT_VERSION = 1;
				GENERATE_INFOPLIST_FILE = YES;
				INFOPLIST_KEY_NSHumanReadableCopyright = "";
				INFOPLIST_KEY_NSMainStoryboardFile = Main;
				INFOPLIST_KEY_NSPrincipalClass = NSApplication;
				LD_RUNPATH_SEARCH_PATHS = (
					"$(inherited)",
					"@executable_path/../Frameworks",
				);
				MARKETING_VERSION = 1.0;
				PRODUCT_BUNDLE_IDENTIFIER = Ava.PowerHop;
				PRODUCT_NAME = "$(TARGET_NAME)";
				SWIFT_EMIT_LOC_STRINGS = YES;
			};
			name = Debug;
		};
		C940516A2D91D69500C363D3 /* Release */ = {
			isa = XCBuildConfiguration;
			buildSettings = {
				ASSETCATALOG_COMPILER_APPICON_NAME = AppIcon;
				ASSETCATALOG_COMPILER_GLOBAL_ACCENT_COLOR_NAME = AccentColor;
				CODE_SIGN_ENTITLEMENTS = PowerHop/PowerHop.entitlements;
				CODE_SIGN_STYLE = Automatic;
				COMBINE_HIDPI_IMAGES = YES;
				CURRENT_PROJECT_VERSION = 1;
				GENERATE_INFOPLIST_FILE = YES;
				INFOPLIST_KEY_NSHumanReadableCopyright = "";
				INFOPLIST_KEY_NSMainStoryboardFile = Main;
				INFOPLIST_KEY_NSPrincipalClass = NSApplication;
				LD_RUNPATH_SEARCH_PATHS = (
					"$(inherited)",
					"@executable_path/../Frameworks",
				);
				MARKETING_VERSION = 1.0;
				PRODUCT_BUNDLE_IDENTIFIER = Ava.PowerHop;
				PRODUCT_NAME = "$(TARGET_NAME)";
				SWIFT_EMIT_LOC_STRINGS = YES;
			};
			name = Release;
		};
		C940516C2D91D69500C363D3 /* Debug */ = {
			isa = XCBuildConfiguration;
			buildSettings = {
				BUNDLE_LOADER = "$(TEST_HOST)";
				CODE_SIGN_STYLE = Automatic;
				CURRENT_PROJECT_VERSION = 1;
				GENERATE_INFOPLIST_FILE = YES;
				MACOSX_DEPLOYMENT_TARGET = 15.2;
				MARKETING_VERSION = 1.0;
				PRODUCT_BUNDLE_IDENTIFIER = Ava.PowerHopTests;
				PRODUCT_NAME = "$(TARGET_NAME)";
				SWIFT_EMIT_LOC_STRINGS = NO;
				TEST_HOST = "$(BUILT_PRODUCTS_DIR)/PowerHop.app/$(BUNDLE_EXECUTABLE_FOLDER_PATH)/PowerHop";
			};
			name = Debug;
		};
		C940516D2D91D69500C363D3 /* Release */ = {
			isa = XCBuildConfiguration;
			buildSettings = {
				BUNDLE_LOADER = "$(TEST_HOST)";
				CODE_SIGN_STYLE = Automatic;
				CURRENT_PROJECT_VERSION = 1;
				GENERATE_INFOPLIST_FILE = YES;
				MACOSX_DEPLOYMENT_TARGET = 15.2;
				MARKETING_VERSION = 1.0;
				PRODUCT_BUNDLE_IDENTIFIER = Ava.PowerHopTests;
				PRODUCT_NAME = "$(TARGET_NAME)";
				SWIFT_EMIT_LOC_STRINGS = NO;
				TEST_HOST = "$(BUILT_PRODUCTS_DIR)/PowerHop.app/$(BUNDLE_EXECUTABLE_FOLDER_PATH)/PowerHop";
			};
			name = Release;
		};
		C940516F2D91D69500C363D3 /* Debug */ = {
			isa = XCBuildConfiguration;
			buildSettings = {
				CODE_SIGN_STYLE = Automatic;
				CURRENT_PROJECT_VERSION = 1;
				GENERATE_INFOPLIST_FILE = YES;
				MARKETING_VERSION = 1.0;
				PRODUCT_BUNDLE_IDENTIFIER = Ava.PowerHopUITests;
				PRODUCT_NAME = "$(TARGET_NAME)";
				SWIFT_EMIT_LOC_STRINGS = NO;
				TEST_TARGET_NAME = PowerHop;
			};
			name = Debug;
		};
		C94051702D91D69500C363D3 /* Release */ = {
			isa = XCBuildConfiguration;
			buildSettings = {
				CODE_SIGN_STYLE = Automatic;
				CURRENT_PROJECT_VERSION = 1;
				GENERATE_INFOPLIST_FILE = YES;
				MARKETING_VERSION = 1.0;
				PRODUCT_BUNDLE_IDENTIFIER = Ava.PowerHopUITests;
				PRODUCT_NAME = "$(TARGET_NAME)";
				SWIFT_EMIT_LOC_STRINGS = NO;
				TEST_TARGET_NAME = PowerHop;
			};
			name = Release;
		};
/* End XCBuildConfiguration section */

/* Begin XCConfigurationList section */
		C94051332D91D69200C363D3 /* Build configuration list for PBXProject "PowerHop" */ = {
			isa = XCConfigurationList;
			buildConfigurations = (
				C94051662D91D69500C363D3 /* Debug */,
				C94051672D91D69500C363D3 /* Release */,
			);
			defaultConfigurationIsVisible = 0;
			defaultConfigurationName = Release;
		};
		C94051682D91D69500C363D3 /* Build configuration list for PBXNativeTarget "PowerHop" */ = {
			isa = XCConfigurationList;
			buildConfigurations = (
				C94051692D91D69500C363D3 /* Debug */,
				C940516A2D91D69500C363D3 /* Release */,
			);
			defaultConfigurationIsVisible = 0;
			defaultConfigurationName = Release;
		};
		C940516B2D91D69500C363D3 /* Build configuration list for PBXNativeTarget "PowerHopTests" */ = {
			isa = XCConfigurationList;
			buildConfigurations = (
				C940516C2D91D69500C363D3 /* Debug */,
				C940516D2D91D69500C363D3 /* Release */,
			);
			defaultConfigurationIsVisible = 0;
			defaultConfigurationName = Release;
		};
		C940516E2D91D69500C363D3 /* Build configuration list for PBXNativeTarget "PowerHopUITests" */ = {
			isa = XCConfigurationList;
			buildConfigurations = (
				C940516F2D91D69500C363D3 /* Debug */,
				C94051702D91D69500C363D3 /* Release */,
			);
			defaultConfigurationIsVisible = 0;
			defaultConfigurationName = Release;
		};
/* End XCConfigurationList section */
	};
	rootObject = C94051302D91D69200C363D3 /* Project object */;
}
